
Microsoft Visual Studio Solution File, Format Version 12.00
# Visual Studio 15
VisualStudioVersion = 15.0.28307.645
MinimumVisualStudioVersion = 10.0.40219.1
Project("{FAE04EC0-301F-11D3-BF4B-00C04F79EFBC}") = "SimpleCalculator", "SimpleCalculator\SimpleCalculator.csproj", "{78647AE0-29C3-47A3-9F5F-F4A35683750A}"
EndProject
Project("{FAE04EC0-301F-11D3-BF4B-00C04F79EFBC}") = "SimpleCalculator.Core", "SimpleCalculator.Core\SimpleCalculator.Core.csproj", "{530EDFC3-811D-4E30-9293-E730294DB5EB}"
EndProject
Project("{FAE04EC0-301F-11D3-BF4B-00C04F79EFBC}") = "SimpleCalculator.Db", "SimpleCalculator.Db\SimpleCalculator.Db.csproj", "{B8706F33-22C8-4549-87BF-63527D0B1513}"
EndProject
Global
	GlobalSection(SolutionConfigurationPlatforms) = preSolution
		Debug|Any CPU = Debug|Any CPU
		Release|Any CPU = Release|Any CPU
	EndGlobalSection
	GlobalSection(ProjectConfigurationPlatforms) = postSolution
		{78647AE0-29C3-47A3-9F5F-F4A35683750A}.Debug|Any CPU.ActiveCfg = Debug|Any CPU
		{78647AE0-29C3-47A3-9F5F-F4A35683750A}.Debug|Any CPU.Build.0 = Debug|Any CPU
		{78647AE0-29C3-47A3-9F5F-F4A35683750A}.Release|Any CPU.ActiveCfg = Release|Any CPU
		{78647AE0-29C3-47A3-9F5F-F4A35683750A}.Release|Any CPU.Build.0 = Release|Any CPU
		{530EDFC3-811D-4E30-9293-E730294DB5EB}.Debug|Any CPU.ActiveCfg = Debug|Any CPU
		{530EDFC3-811D-4E30-9293-E730294DB5EB}.Debug|Any CPU.Build.0 = Debug|Any CPU
		{530EDFC3-811D-4E30-9293-E730294DB5EB}.Release|Any CPU.ActiveCfg = Release|Any CPU
		{530EDFC3-811D-4E30-9293-E730294DB5EB}.Release|Any CPU.Build.0 = Release|Any CPU
		{B8706F33-22C8-4549-87BF-63527D0B1513}.Debug|Any CPU.ActiveCfg = Debug|Any CPU
		{B8706F33-22C8-4549-87BF-63527D0B1513}.Debug|Any CPU.Build.0 = Debug|Any CPU
		{B8706F33-22C8-4549-87BF-63527D0B1513}.Release|Any CPU.ActiveCfg = Release|Any CPU
		{B8706F33-22C8-4549-87BF-63527D0B1513}.Release|Any CPU.Build.0 = Release|Any CPU
	EndGlobalSection
	GlobalSection(SolutionProperties) = preSolution
		HideSolutionNode = FALSE
	EndGlobalSection
	GlobalSection(ExtensibilityGlobals) = postSolution
		SolutionGuid = {AC979480-D60A-46EE-9DEB-E71BC73D9990}
	EndGlobalSection
EndGlobal
